<?xml version="1.0" encoding="utf-8"?>
<Project ToolsVersion="4.0" xmlns="http://schemas.microsoft.com/developer/msbuild/2003">
  <ItemGroup>
    <Filter Include="system">
      <UniqueIdentifier>{22dd8095-74f9-46df-81a1-36675a040b1f}</UniqueIdentifier>
    </Filter>
    <Filter Include="Sound">
      <UniqueIdentifier>{1a50001f-d715-4f25-8a9a-39f37b5fba91}</UniqueIdentifier>
    </Filter>
    <Filter Include="Effect">
      <UniqueIdentifier>{86e668c2-3e61-4f60-b959-777462bf0f82}</UniqueIdentifier>
    </Filter>
    <Filter Include="Timer">
      <UniqueIdentifier>{eac9ab2d-4cc3-4a60-a519-0af61e602694}</UniqueIdentifier>
    </Filter>
    <Filter Include="Fade">
      <UniqueIdentifier>{6f2312d1-4cb4-4f2b-80dd-aa23d632337f}</UniqueIdentifier>
    </Filter>
    <Filter Include="Scene">
      <UniqueIdentifier>{39d21760-a852-4d03-bc4b-44784b09bc74}</UniqueIdentifier>
    </Filter>
    <Filter Include="Actor">
      <UniqueIdentifier>{7e999ff4-4272-4444-b7fc-0000dbf40ba6}</UniqueIdentifier>
    </Filter>
    <Filter Include="Actor\Level">
      <UniqueIdentifier>{c02b0a84-de43-4780-934e-dfbed2a32a76}</UniqueIdentifier>
    </Filter>
    <Filter Include="Actor\Gimmic">
      <UniqueIdentifier>{31a0331f-d0fa-4a3b-bbef-e3b6eab64942}</UniqueIdentifier>
    </Filter>
    <Filter Include="Util">
      <UniqueIdentifier>{989cb8b8-9565-4180-886c-d69757e0d34c}</UniqueIdentifier>
    </Filter>
    <Filter Include="Actor\Map">
      <UniqueIdentifier>{652329b4-4886-4dcf-950f-ce154bfb3463}</UniqueIdentifier>
    </Filter>
  </ItemGroup>
  <ItemGroup>
    <ClCompile Include="stdafx.cpp" />
    <ClCompile Include="main.cpp" />
    <ClCompile Include="system\system.cpp">
      <Filter>system</Filter>
    </ClCompile>
    <ClCompile Include="Game.cpp" />
    <ClCompile Include="Sound\SoundManager.cpp">
      <Filter>Sound</Filter>
    </ClCompile>
    <ClCompile Include="Effect\GameEffectManager.cpp">
      <Filter>Effect</Filter>
    </ClCompile>
    <ClCompile Include="Timer\LerpTimer.cpp">
      <Filter>Timer</Filter>
    </ClCompile>
    <ClCompile Include="Timer\StopWatch.cpp">
      <Filter>Timer</Filter>
    </ClCompile>
    <ClCompile Include="Fade\ColorFade.cpp">
      <Filter>Fade</Filter>
    </ClCompile>
    <ClCompile Include="Fade\Loading.cpp">
      <Filter>Fade</Filter>
    </ClCompile>
    <ClCompile Include="Fade\TransitionFade.cpp">
      <Filter>Fade</Filter>
    </ClCompile>
    <ClCompile Include="Fade\FadeManager.cpp">
      <Filter>Fade</Filter>
    </ClCompile>
    <ClCompile Include="Scene\InGameScene.cpp">
      <Filter>Scene</Filter>
    </ClCompile>
    <ClCompile Include="Scene\IScene.cpp">
      <Filter>Scene</Filter>
    </ClCompile>
    <ClCompile Include="Scene\SceneManager.cpp">
      <Filter>Scene</Filter>
    </ClCompile>
    <ClCompile Include="Scene\StageSelectScene.cpp">
      <Filter>Scene</Filter>
    </ClCompile>
    <ClCompile Include="Scene\TitleScene.cpp">
      <Filter>Scene</Filter>
    </ClCompile>
    <ClCompile Include="Actor\Level\BossStage.cpp">
      <Filter>Actor\Level</Filter>
    </ClCompile>
    <ClCompile Include="Actor\Level\NormalStage.cpp">
      <Filter>Actor\Level</Filter>
    </ClCompile>
    <ClCompile Include="Actor\Level\StageBase.cpp">
      <Filter>Actor\Level</Filter>
    </ClCompile>
    <ClCompile Include="Actor\Level\StageLoader.cpp">
      <Filter>Actor\Level</Filter>
    </ClCompile>
    <ClCompile Include="Actor\Level\TutorialStage.cpp">
      <Filter>Actor\Level</Filter>
    </ClCompile>
    <ClCompile Include="UserData.cpp" />
    <ClCompile Include="Actor\Gimmic\Coin.cpp">
      <Filter>Actor\Gimmic</Filter>
    </ClCompile>
    <ClCompile Include="Actor\Gimmic\Pipe.cpp">
      <Filter>Actor\Gimmic</Filter>
    </ClCompile>
    <ClCompile Include="Util\Transform.cpp">
      <Filter>Util</Filter>
    </ClCompile>
    <ClCompile Include="Actor\Actor.cpp">
      <Filter>Actor</Filter>
    </ClCompile>
    <ClCompile Include="Actor\Map\StaticObject.cpp">
      <Filter>Actor\Map</Filter>
    </ClCompile>
    <ClCompile Include="Actor\Level\StageSelect.cpp">
      <Filter>Actor\Level</Filter>
    </ClCompile>
  </ItemGroup>
  <ItemGroup>
    <ClInclude Include="stdafx.h" />
    <ClInclude Include="system\system.h">
      <Filter>system</Filter>
    </ClInclude>
    <ClInclude Include="Game.h" />
    <ClInclude Include="Sound\Types.h">
      <Filter>Sound</Filter>
    </ClInclude>
    <ClInclude Include="Sound\SoundManager.h">
      <Filter>Sound</Filter>
    </ClInclude>
    <ClInclude Include="Effect\GameEffectManager.h">
      <Filter>Effect</Filter>
    </ClInclude>
    <ClInclude Include="Effect\Types.h">
      <Filter>Effect</Filter>
    </ClInclude>
    <ClInclude Include="Timer\LerpTimer.h">
      <Filter>Timer</Filter>
    </ClInclude>
    <ClInclude Include="Timer\StopWatch.h">
      <Filter>Timer</Filter>
    </ClInclude>
    <ClInclude Include="Fade\ColorFade.h">
      <Filter>Fade</Filter>
    </ClInclude>
    <ClInclude Include="Fade\Loading.h">
      <Filter>Fade</Filter>
    </ClInclude>
    <ClInclude Include="Fade\TransitionFade.h">
      <Filter>Fade</Filter>
    </ClInclude>
    <ClInclude Include="Fade\FadeManager.h">
      <Filter>Fade</Filter>
    </ClInclude>
    <ClInclude Include="Scene\InGameScene.h">
      <Filter>Scene</Filter>
    </ClInclude>
    <ClInclude Include="Scene\IScene.h">
      <Filter>Scene</Filter>
    </ClInclude>
    <ClInclude Include="Scene\SceneManager.h">
      <Filter>Scene</Filter>
    </ClInclude>
    <ClInclude Include="Scene\StageSelectScene.h">
      <Filter>Scene</Filter>
    </ClInclude>
    <ClInclude Include="Scene\TitleScene.h">
      <Filter>Scene</Filter>
    </ClInclude>
    <ClInclude Include="Types.h" />
    <ClInclude Include="Actor\Level\BossStage.h">
      <Filter>Actor\Level</Filter>
    </ClInclude>
    <ClInclude Include="Actor\Level\NormalStage.h">
      <Filter>Actor\Level</Filter>
    </ClInclude>
    <ClInclude Include="Actor\Level\StageBase.h">
      <Filter>Actor\Level</Filter>
    </ClInclude>
    <ClInclude Include="Actor\Level\StageLoader.h">
      <Filter>Actor\Level</Filter>
    </ClInclude>
    <ClInclude Include="Actor\Level\TutorialStage.h">
      <Filter>Actor\Level</Filter>
    </ClInclude>
    <ClInclude Include="UserData.h" />
    <ClInclude Include="Actor\Gimmic\Coin.h">
      <Filter>Actor\Gimmic</Filter>
    </ClInclude>
    <ClInclude Include="Actor\Gimmic\Pipe.h">
      <Filter>Actor\Gimmic</Filter>
    </ClInclude>
    <ClInclude Include="Util\Transform.h">
      <Filter>Util</Filter>
    </ClInclude>
    <ClInclude Include="Actor\Actor.h">
      <Filter>Actor</Filter>
    </ClInclude>
    <ClInclude Include="Actor\Map\StaticObject.h">
      <Filter>Actor\Map</Filter>
    </ClInclude>
    <ClInclude Include="Actor\Level\StageSelect.h">
      <Filter>Actor\Level</Filter>
    </ClInclude>
  </ItemGroup>
</Project>